
Microsoft Visual Studio Solution File, Format Version 12.00
# Visual Studio Version 17
VisualStudioVersion = 17.6.33723.286
MinimumVisualStudioVersion = 10.0.40219.1
Project("{8BC9CEB8-8B4A-11D0-8D11-00A0C91BC942}") = "src", "src\src.vcxproj", "{1EFAF321-4EB5-41F0-109A-8D31E3787DC8}"
EndProject
Project("{8BC9CEB8-8B4A-11D0-8D11-00A0C91BC942}") = "dpapi", "dpapi\dpapi.vcxproj", "{9FB199D7-9586-F531-DC7B-56E35012FF90}"
EndProject
Project("{8BC9CEB8-8B4A-11D0-8D11-00A0C91BC942}") = "shlwapi", "shlwapi\shlwapi.vcxproj", "{CB10703E-F286-FA7F-C59B-E512234EEB7E}"
EndProject
Project("{8BC9CEB8-8B4A-11D0-8D11-00A0C91BC942}") = "user32", "user32\user32.vcxproj", "{AE92C8A9-B93E-6E8B-7D18-C81D1C99FEF7}"
EndProject
Project("{8BC9CEB8-8B4A-11D0-8D11-00A0C91BC942}") = "ntdll", "ntdll\ntdll.vcxproj", "{CE7AA8D0-FC7F-B799-020F-1EC9E531C3B6}"
EndProject
Project("{8BC9CEB8-8B4A-11D0-8D11-00A0C91BC942}") = "certca", "certca\certca.vcxproj", "{D3010A6A-786B-F0CB-F782-711CC95A12EA}"
EndProject
Project("{8BC9CEB8-8B4A-11D0-8D11-00A0C91BC942}") = "certcli", "certcli\certcli.vcxproj", "{50676220-E416-A584-611B-95F79599270D}"
EndProject
Project("{8BC9CEB8-8B4A-11D0-8D11-00A0C91BC942}") = "UPDB", "UPDB\UPDB.vcxproj", "{FC802529-3A10-2BFB-A33B-4A42C465DA1D}"
EndProject
Project("{8BC9CEB8-8B4A-11D0-8D11-00A0C91BC942}") = "KPDB", "KPDB\KPDB.vcxproj", "{789AA041-0D44-A6E7-741F-C3E5F216B3DC}"
EndProject
Project("{8BC9CEB8-8B4A-11D0-8D11-00A0C91BC942}") = "MakeLib", "MakeLib\MakeLib.vcxproj", "{E0CE93FF-7766-39F0-4662-D1CDB543E492}"
EndProject
Project("{8BC9CEB8-8B4A-11D0-8D11-00A0C91BC942}") = "ucrtbase", "ucrtbase\ucrtbase.vcxproj", "{E3077C32-EC96-1BC3-F7BF-FAADA86CC82B}"
EndProject
Project("{8BC9CEB8-8B4A-11D0-8D11-00A0C91BC942}") = "msvcrt", "msvcrt\msvcrt.vcxproj", "{41852F46-4E1D-D308-BAA1-1FD0015F337E}"
EndProject
Project("{8BC9CEB8-8B4A-11D0-8D11-00A0C91BC942}") = "combase", "combase\combase.vcxproj", "{295EC710-3486-9D89-927B-63D119DFF576}"
EndProject
Project("{8BC9CEB8-8B4A-11D0-8D11-00A0C91BC942}") = "shunimpl", "shunimpl\shunimpl.vcxproj", "{AA09D76D-76F3-64ED-C709-A9CAB95AEB3B}"
EndProject
Project("{8BC9CEB8-8B4A-11D0-8D11-00A0C91BC942}") = "shcore", "shcore\shcore.vcxproj", "{CE8FD06A-55F9-7C83-F62D-9C8419ABCFDD}"
EndProject
Project("{8BC9CEB8-8B4A-11D0-8D11-00A0C91BC942}") = "ws2_32", "ws2_32\ws2_32.vcxproj", "{48A385C5-DF17-8548-C7FD-F9DAA9159C60}"
EndProject
Project("{8BC9CEB8-8B4A-11D0-8D11-00A0C91BC942}") = "detour", "detour\detour.vcxproj", "{9CD908E6-3DCA-40C4-9299-D81AD0B88E0D}"
EndProject
Global
	GlobalSection(SolutionConfigurationPlatforms) = preSolution
		Debug|x64 = Debug|x64
		Debug|x86 = Debug|x86
		Release|x64 = Release|x64
		Release|x86 = Release|x86
	EndGlobalSection
	GlobalSection(ProjectConfigurationPlatforms) = postSolution
		{1EFAF321-4EB5-41F0-109A-8D31E3787DC8}.Debug|x64.ActiveCfg = Release|x64
		{1EFAF321-4EB5-41F0-109A-8D31E3787DC8}.Debug|x64.Build.0 = Release|x64
		{1EFAF321-4EB5-41F0-109A-8D31E3787DC8}.Debug|x86.ActiveCfg = Release|x64
		{1EFAF321-4EB5-41F0-109A-8D31E3787DC8}.Release|x64.ActiveCfg = Release|x64
		{1EFAF321-4EB5-41F0-109A-8D31E3787DC8}.Release|x64.Build.0 = Release|x64
		{1EFAF321-4EB5-41F0-109A-8D31E3787DC8}.Release|x86.ActiveCfg = Release|x64
		{9FB199D7-9586-F531-DC7B-56E35012FF90}.Debug|x64.ActiveCfg = Release|x64
		{9FB199D7-9586-F531-DC7B-56E35012FF90}.Debug|x64.Build.0 = Release|x64
		{9FB199D7-9586-F531-DC7B-56E35012FF90}.Debug|x86.ActiveCfg = Release|Win32
		{9FB199D7-9586-F531-DC7B-56E35012FF90}.Debug|x86.Build.0 = Release|Win32
		{9FB199D7-9586-F531-DC7B-56E35012FF90}.Release|x64.ActiveCfg = Release|x64
		{9FB199D7-9586-F531-DC7B-56E35012FF90}.Release|x64.Build.0 = Release|x64
		{9FB199D7-9586-F531-DC7B-56E35012FF90}.Release|x86.ActiveCfg = Release|Win32
		{9FB199D7-9586-F531-DC7B-56E35012FF90}.Release|x86.Build.0 = Release|Win32
		{CB10703E-F286-FA7F-C59B-E512234EEB7E}.Debug|x64.ActiveCfg = Release|x64
		{CB10703E-F286-FA7F-C59B-E512234EEB7E}.Debug|x64.Build.0 = Release|x64
		{CB10703E-F286-FA7F-C59B-E512234EEB7E}.Debug|x86.ActiveCfg = Release|Win32
		{CB10703E-F286-FA7F-C59B-E512234EEB7E}.Debug|x86.Build.0 = Release|Win32
		{CB10703E-F286-FA7F-C59B-E512234EEB7E}.Release|x64.ActiveCfg = Release|x64
		{CB10703E-F286-FA7F-C59B-E512234EEB7E}.Release|x64.Build.0 = Release|x64
		{CB10703E-F286-FA7F-C59B-E512234EEB7E}.Release|x86.ActiveCfg = Release|Win32
		{CB10703E-F286-FA7F-C59B-E512234EEB7E}.Release|x86.Build.0 = Release|Win32
		{AE92C8A9-B93E-6E8B-7D18-C81D1C99FEF7}.Debug|x64.ActiveCfg = Release|x64
		{AE92C8A9-B93E-6E8B-7D18-C81D1C99FEF7}.Debug|x64.Build.0 = Release|x64
		{AE92C8A9-B93E-6E8B-7D18-C81D1C99FEF7}.Debug|x86.ActiveCfg = Release|Win32
		{AE92C8A9-B93E-6E8B-7D18-C81D1C99FEF7}.Debug|x86.Build.0 = Release|Win32
		{AE92C8A9-B93E-6E8B-7D18-C81D1C99FEF7}.Release|x64.ActiveCfg = Release|x64
		{AE92C8A9-B93E-6E8B-7D18-C81D1C99FEF7}.Release|x64.Build.0 = Release|x64
		{AE92C8A9-B93E-6E8B-7D18-C81D1C99FEF7}.Release|x86.ActiveCfg = Release|Win32
		{AE92C8A9-B93E-6E8B-7D18-C81D1C99FEF7}.Release|x86.Build.0 = Release|Win32
		{CE7AA8D0-FC7F-B799-020F-1EC9E531C3B6}.Debug|x64.ActiveCfg = Release|x64
		{CE7AA8D0-FC7F-B799-020F-1EC9E531C3B6}.Debug|x64.Build.0 = Release|x64
		{CE7AA8D0-FC7F-B799-020F-1EC9E531C3B6}.Debug|x86.ActiveCfg = Release|Win32
		{CE7AA8D0-FC7F-B799-020F-1EC9E531C3B6}.Debug|x86.Build.0 = Release|Win32
		{CE7AA8D0-FC7F-B799-020F-1EC9E531C3B6}.Release|x64.ActiveCfg = Release|x64
		{CE7AA8D0-FC7F-B799-020F-1EC9E531C3B6}.Release|x64.Build.0 = Release|x64
		{CE7AA8D0-FC7F-B799-020F-1EC9E531C3B6}.Release|x86.ActiveCfg = Release|Win32
		{CE7AA8D0-FC7F-B799-020F-1EC9E531C3B6}.Release|x86.Build.0 = Release|Win32
		{D3010A6A-786B-F0CB-F782-711CC95A12EA}.Debug|x64.ActiveCfg = Release|x64
		{D3010A6A-786B-F0CB-F782-711CC95A12EA}.Debug|x64.Build.0 = Release|x64
		{D3010A6A-786B-F0CB-F782-711CC95A12EA}.Debug|x86.ActiveCfg = Release|Win32
		{D3010A6A-786B-F0CB-F782-711CC95A12EA}.Debug|x86.Build.0 = Release|Win32
		{D3010A6A-786B-F0CB-F782-711CC95A12EA}.Release|x64.ActiveCfg = Release|x64
		{D3010A6A-786B-F0CB-F782-711CC95A12EA}.Release|x64.Build.0 = Release|x64
		{D3010A6A-786B-F0CB-F782-711CC95A12EA}.Release|x86.ActiveCfg = Release|Win32
		{D3010A6A-786B-F0CB-F782-711CC95A12EA}.Release|x86.Build.0 = Release|Win32
		{50676220-E416-A584-611B-95F79599270D}.Debug|x64.ActiveCfg = Release|x64
		{50676220-E416-A584-611B-95F79599270D}.Debug|x64.Build.0 = Release|x64
		{50676220-E416-A584-611B-95F79599270D}.Debug|x86.ActiveCfg = Release|Win32
		{50676220-E416-A584-611B-95F79599270D}.Debug|x86.Build.0 = Release|Win32
		{50676220-E416-A584-611B-95F79599270D}.Release|x64.ActiveCfg = Release|x64
		{50676220-E416-A584-611B-95F79599270D}.Release|x64.Build.0 = Release|x64
		{50676220-E416-A584-611B-95F79599270D}.Release|x86.ActiveCfg = Release|Win32
		{50676220-E416-A584-611B-95F79599270D}.Release|x86.Build.0 = Release|Win32
		{FC802529-3A10-2BFB-A33B-4A42C465DA1D}.Debug|x64.ActiveCfg = Release|x64
		{FC802529-3A10-2BFB-A33B-4A42C465DA1D}.Debug|x64.Build.0 = Release|x64
		{FC802529-3A10-2BFB-A33B-4A42C465DA1D}.Debug|x86.ActiveCfg = Release|Win32
		{FC802529-3A10-2BFB-A33B-4A42C465DA1D}.Debug|x86.Build.0 = Release|Win32
		{FC802529-3A10-2BFB-A33B-4A42C465DA1D}.Release|x64.ActiveCfg = Release|x64
		{FC802529-3A10-2BFB-A33B-4A42C465DA1D}.Release|x64.Build.0 = Release|x64
		{FC802529-3A10-2BFB-A33B-4A42C465DA1D}.Release|x86.ActiveCfg = Release|Win32
		{FC802529-3A10-2BFB-A33B-4A42C465DA1D}.Release|x86.Build.0 = Release|Win32
		{789AA041-0D44-A6E7-741F-C3E5F216B3DC}.Debug|x64.ActiveCfg = Release|x64
		{789AA041-0D44-A6E7-741F-C3E5F216B3DC}.Debug|x64.Build.0 = Release|x64
		{789AA041-0D44-A6E7-741F-C3E5F216B3DC}.Debug|x86.ActiveCfg = Release|Win32
		{789AA041-0D44-A6E7-741F-C3E5F216B3DC}.Debug|x86.Build.0 = Release|Win32
		{789AA041-0D44-A6E7-741F-C3E5F216B3DC}.Release|x64.ActiveCfg = Release|x64
		{789AA041-0D44-A6E7-741F-C3E5F216B3DC}.Release|x64.Build.0 = Release|x64
		{789AA041-0D44-A6E7-741F-C3E5F216B3DC}.Release|x86.ActiveCfg = Release|Win32
		{789AA041-0D44-A6E7-741F-C3E5F216B3DC}.Release|x86.Build.0 = Release|Win32
		{E0CE93FF-7766-39F0-4662-D1CDB543E492}.Debug|x64.ActiveCfg = Release|x64
		{E0CE93FF-7766-39F0-4662-D1CDB543E492}.Debug|x64.Build.0 = Release|x64
		{E0CE93FF-7766-39F0-4662-D1CDB543E492}.Debug|x86.ActiveCfg = Release|x64
		{E0CE93FF-7766-39F0-4662-D1CDB543E492}.Release|x64.ActiveCfg = Release|x64
		{E0CE93FF-7766-39F0-4662-D1CDB543E492}.Release|x64.Build.0 = Release|x64
		{E0CE93FF-7766-39F0-4662-D1CDB543E492}.Release|x86.ActiveCfg = Release|x64
		{E3077C32-EC96-1BC3-F7BF-FAADA86CC82B}.Debug|x64.ActiveCfg = Release|x64
		{E3077C32-EC96-1BC3-F7BF-FAADA86CC82B}.Debug|x64.Build.0 = Release|x64
		{E3077C32-EC96-1BC3-F7BF-FAADA86CC82B}.Debug|x86.ActiveCfg = Release|Win32
		{E3077C32-EC96-1BC3-F7BF-FAADA86CC82B}.Debug|x86.Build.0 = Release|Win32
		{E3077C32-EC96-1BC3-F7BF-FAADA86CC82B}.Release|x64.ActiveCfg = Release|x64
		{E3077C32-EC96-1BC3-F7BF-FAADA86CC82B}.Release|x64.Build.0 = Release|x64
		{E3077C32-EC96-1BC3-F7BF-FAADA86CC82B}.Release|x86.ActiveCfg = Release|Win32
		{E3077C32-EC96-1BC3-F7BF-FAADA86CC82B}.Release|x86.Build.0 = Release|Win32
		{41852F46-4E1D-D308-BAA1-1FD0015F337E}.Debug|x64.ActiveCfg = Release|x64
		{41852F46-4E1D-D308-BAA1-1FD0015F337E}.Debug|x64.Build.0 = Release|x64
		{41852F46-4E1D-D308-BAA1-1FD0015F337E}.Debug|x86.ActiveCfg = Release|Win32
		{41852F46-4E1D-D308-BAA1-1FD0015F337E}.Debug|x86.Build.0 = Release|Win32
		{41852F46-4E1D-D308-BAA1-1FD0015F337E}.Release|x64.ActiveCfg = Release|x64
		{41852F46-4E1D-D308-BAA1-1FD0015F337E}.Release|x64.Build.0 = Release|x64
		{41852F46-4E1D-D308-BAA1-1FD0015F337E}.Release|x86.ActiveCfg = Release|Win32
		{41852F46-4E1D-D308-BAA1-1FD0015F337E}.Release|x86.Build.0 = Release|Win32
		{295EC710-3486-9D89-927B-63D119DFF576}.Debug|x64.ActiveCfg = Release|x64
		{295EC710-3486-9D89-927B-63D119DFF576}.Debug|x64.Build.0 = Release|x64
		{295EC710-3486-9D89-927B-63D119DFF576}.Debug|x86.ActiveCfg = Release|Win32
		{295EC710-3486-9D89-927B-63D119DFF576}.Debug|x86.Build.0 = Release|Win32
		{295EC710-3486-9D89-927B-63D119DFF576}.Release|x64.ActiveCfg = Release|x64
		{295EC710-3486-9D89-927B-63D119DFF576}.Release|x64.Build.0 = Release|x64
		{295EC710-3486-9D89-927B-63D119DFF576}.Release|x86.ActiveCfg = Release|Win32
		{295EC710-3486-9D89-927B-63D119DFF576}.Release|x86.Build.0 = Release|Win32
		{AA09D76D-76F3-64ED-C709-A9CAB95AEB3B}.Debug|x64.ActiveCfg = Release|x64
		{AA09D76D-76F3-64ED-C709-A9CAB95AEB3B}.Debug|x64.Build.0 = Release|x64
		{AA09D76D-76F3-64ED-C709-A9CAB95AEB3B}.Debug|x86.ActiveCfg = Release|Win32
		{AA09D76D-76F3-64ED-C709-A9CAB95AEB3B}.Debug|x86.Build.0 = Release|Win32
		{AA09D76D-76F3-64ED-C709-A9CAB95AEB3B}.Release|x64.ActiveCfg = Release|x64
		{AA09D76D-76F3-64ED-C709-A9CAB95AEB3B}.Release|x64.Build.0 = Release|x64
		{AA09D76D-76F3-64ED-C709-A9CAB95AEB3B}.Release|x86.ActiveCfg = Release|Win32
		{AA09D76D-76F3-64ED-C709-A9CAB95AEB3B}.Release|x86.Build.0 = Release|Win32
		{CE8FD06A-55F9-7C83-F62D-9C8419ABCFDD}.Debug|x64.ActiveCfg = Release|x64
		{CE8FD06A-55F9-7C83-F62D-9C8419ABCFDD}.Debug|x64.Build.0 = Release|x64
		{CE8FD06A-55F9-7C83-F62D-9C8419ABCFDD}.Debug|x86.ActiveCfg = Release|Win32
		{CE8FD06A-55F9-7C83-F62D-9C8419ABCFDD}.Debug|x86.Build.0 = Release|Win32
		{CE8FD06A-55F9-7C83-F62D-9C8419ABCFDD}.Release|x64.ActiveCfg = Release|x64
		{CE8FD06A-55F9-7C83-F62D-9C8419ABCFDD}.Release|x64.Build.0 = Release|x64
		{CE8FD06A-55F9-7C83-F62D-9C8419ABCFDD}.Release|x86.ActiveCfg = Release|Win32
		{CE8FD06A-55F9-7C83-F62D-9C8419ABCFDD}.Release|x86.Build.0 = Release|Win32
		{48A385C5-DF17-8548-C7FD-F9DAA9159C60}.Debug|x64.ActiveCfg = Release|x64
		{48A385C5-DF17-8548-C7FD-F9DAA9159C60}.Debug|x64.Build.0 = Release|x64
		{48A385C5-DF17-8548-C7FD-F9DAA9159C60}.Debug|x86.ActiveCfg = Release|Win32
		{48A385C5-DF17-8548-C7FD-F9DAA9159C60}.Debug|x86.Build.0 = Release|Win32
		{48A385C5-DF17-8548-C7FD-F9DAA9159C60}.Release|x64.ActiveCfg = Release|x64
		{48A385C5-DF17-8548-C7FD-F9DAA9159C60}.Release|x64.Build.0 = Release|x64
		{48A385C5-DF17-8548-C7FD-F9DAA9159C60}.Release|x86.ActiveCfg = Release|Win32
		{48A385C5-DF17-8548-C7FD-F9DAA9159C60}.Release|x86.Build.0 = Release|Win32
		{9CD908E6-3DCA-40C4-9299-D81AD0B88E0D}.Debug|x64.ActiveCfg = Release|x64
		{9CD908E6-3DCA-40C4-9299-D81AD0B88E0D}.Debug|x64.Build.0 = Release|x64
		{9CD908E6-3DCA-40C4-9299-D81AD0B88E0D}.Debug|x86.ActiveCfg = Release|Win32
		{9CD908E6-3DCA-40C4-9299-D81AD0B88E0D}.Debug|x86.Build.0 = Release|Win32
		{9CD908E6-3DCA-40C4-9299-D81AD0B88E0D}.Release|x64.ActiveCfg = Release|x64
		{9CD908E6-3DCA-40C4-9299-D81AD0B88E0D}.Release|x64.Build.0 = Release|x64
		{9CD908E6-3DCA-40C4-9299-D81AD0B88E0D}.Release|x86.ActiveCfg = Release|Win32
		{9CD908E6-3DCA-40C4-9299-D81AD0B88E0D}.Release|x86.Build.0 = Release|Win32
	EndGlobalSection
	GlobalSection(SolutionProperties) = preSolution
		HideSolutionNode = FALSE
	EndGlobalSection
	GlobalSection(ExtensibilityGlobals) = postSolution
		    SolutionGuid = {3F900B2D-D854-4D44-9CC2-C7D9A85A41A3}
		            SolutionGuid = {31E95A3C-0BE4-4890-815C-0391F78DB4AF}
		        SolutionGuid = {0A7AB709-7E2F-4C29-BCBC-0C0093D1DE9D}
		SolutionGuid = {2544B80C-0087-4A68-9D64-414DB4A18640}
	EndGlobalSection
EndGlobal
